// !$*UTF8*$!
{
	archiveVersion = 1;
	classes = {
	};
	objectVersion = 46;
	objects = {

/* Begin PBXBuildFile section */
		A6F62F381D68C767007F19E4 /* AppDelegate.swift in Sources */ = {isa = PBXBuildFile; fileRef = A6F62F371D68C767007F19E4 /* AppDelegate.swift */; };
		A6F62F3A1D68C767007F19E4 /* ViewController.swift in Sources */ = {isa = PBXBuildFile; fileRef = A6F62F391D68C767007F19E4 /* ViewController.swift */; };
		A6F62F3D1D68C767007F19E4 /* Main.storyboard in Resources */ = {isa = PBXBuildFile; fileRef = A6F62F3B1D68C767007F19E4 /* Main.storyboard */; };
		A6F62F401D68C767007F19E4 /* NavTest.xcdatamodeld in Sources */ = {isa = PBXBuildFile; fileRef = A6F62F3E1D68C767007F19E4 /* NavTest.xcdatamodeld */; };
		A6F62F421D68C767007F19E4 /* Assets.xcassets in Resources */ = {isa = PBXBuildFile; fileRef = A6F62F411D68C767007F19E4 /* Assets.xcassets */; };
		A6F62F451D68C767007F19E4 /* LaunchScreen.storyboard in Resources */ = {isa = PBXBuildFile; fileRef = A6F62F431D68C767007F19E4 /* LaunchScreen.storyboard */; };
		A6F62F501D68C767007F19E4 /* NavTestTests.swift in Sources */ = {isa = PBXBuildFile; fileRef = A6F62F4F1D68C767007F19E4 /* NavTestTests.swift */; };
		A6F62F5B1D68C828007F19E4 /* TableViewController.swift in Sources */ = {isa = PBXBuildFile; fileRef = A6F62F5A1D68C828007F19E4 /* TableViewController.swift */; };
		A6F62F5D1D68CB8A007F19E4 /* ThirdViewController.swift in Sources */ = {isa = PBXBuildFile; fileRef = A6F62F5C1D68CB8A007F19E4 /* ThirdViewController.swift */; };
/* End PBXBuildFile section */

/* Begin PBXContainerItemProxy section */
		A6F62F4C1D68C767007F19E4 /* PBXContainerItemProxy */ = {
			isa = PBXContainerItemProxy;
			containerPortal = A6F62F2C1D68C767007F19E4 /* Project object */;
			proxyType = 1;
			remoteGlobalIDString = A6F62F331D68C767007F19E4;
			remoteInfo = NavTest;
		};
/* End PBXContainerItemProxy section */

/* Begin PBXFileReference section */
		A6F62F341D68C767007F19E4 /* NavTest.app */ = {isa = PBXFileReference; explicitFileType = wrapper.application; includeInIndex = 0; path = NavTest.app; sourceTree = BUILT_PRODUCTS_DIR; };
		A6F62F371D68C767007F19E4 /* AppDelegate.swift */ = {isa = PBXFileReference; lastKnownFileType = sourcecode.swift; path = AppDelegate.swift; sourceTree = "<group>"; };
		A6F62F391D68C767007F19E4 /* ViewController.swift */ = {isa = PBXFileReference; lastKnownFileType = sourcecode.swift; path = ViewController.swift; sourceTree = "<group>"; };
		A6F62F3C1D68C767007F19E4 /* Base */ = {isa = PBXFileReference; lastKnownFileType = file.storyboard; name = Base; path = Base.lproj/Main.storyboard; sourceTree = "<group>"; };
		A6F62F3F1D68C767007F19E4 /* NavTest.xcdatamodel */ = {isa = PBXFileReference; lastKnownFileType = wrapper.xcdatamodel; path = NavTest.xcdatamodel; sourceTree = "<group>"; };
		A6F62F411D68C767007F19E4 /* Assets.xcassets */ = {isa = PBXFileReference; lastKnownFileType = folder.assetcatalog; path = Assets.xcassets; sourceTree = "<group>"; };
		A6F62F441D68C767007F19E4 /* Base */ = {isa = PBXFileReference; lastKnownFileType = file.storyboard; name = Base; path = Base.lproj/LaunchScreen.storyboard; sourceTree = "<group>"; };
		A6F62F461D68C767007F19E4 /* Info.plist */ = {isa = PBXFileReference; lastKnownFileType = text.plist.xml; path = Info.plist; sourceTree = "<group>"; };
		A6F62F4B1D68C767007F19E4 /* NavTestTests.xctest */ = {isa = PBXFileReference; explicitFileType = wrapper.cfbundle; includeInIndex = 0; path = NavTestTests.xctest; sourceTree = BUILT_PRODUCTS_DIR; };
		A6F62F4F1D68C767007F19E4 /* NavTestTests.swift */ = {isa = PBXFileReference; lastKnownFileType = sourcecode.swift; path = NavTestTests.swift; sourceTree = "<group>"; };
		A6F62F511D68C767007F19E4 /* Info.plist */ = {isa = PBXFileReference; lastKnownFileType = text.plist.xml; path = Info.plist; sourceTree = "<group>"; };
		A6F62F5A1D68C828007F19E4 /* TableViewController.swift */ = {isa = PBXFileReference; fileEncoding = 4; lastKnownFileType = sourcecode.swift; path = TableViewController.swift; sourceTree = "<group>"; };
		A6F62F5C1D68CB8A007F19E4 /* ThirdViewController.swift */ = {isa = PBXFileReference; fileEncoding = 4; lastKnownFileType = sourcecode.swift; path = ThirdViewController.swift; sourceTree = "<group>"; };
/* End PBXFileReference section */

/* Begin PBXFrameworksBuildPhase section */
		A6F62F311D68C767007F19E4 /* Frameworks */ = {
			isa = PBXFrameworksBuildPhase;
			buildActionMask = 2147483647;
			files = (
			);
			runOnlyForDeploymentPostprocessing = 0;
		};
		A6F62F481D68C767007F19E4 /* Frameworks */ = {
			isa = PBXFrameworksBuildPhase;
			buildActionMask = 2147483647;
			files = (
			);
			runOnlyForDeploymentPostprocessing = 0;
		};
/* End PBXFrameworksBuildPhase section */

/* Begin PBXGroup section */
		A6F62F2B1D68C767007F19E4 = {
			isa = PBXGroup;
			children = (
				A6F62F361D68C767007F19E4 /* NavTest */,
				A6F62F4E1D68C767007F19E4 /* NavTestTests */,
				A6F62F351D68C767007F19E4 /* Products */,
			);
			sourceTree = "<group>";
		};
		A6F62F351D68C767007F19E4 /* Products */ = {
			isa = PBXGroup;
			children = (
				A6F62F341D68C767007F19E4 /* NavTest.app */,
				A6F62F4B1D68C767007F19E4 /* NavTestTests.xctest */,
			);
			name = Products;
			sourceTree = "<group>";
		};
		A6F62F361D68C767007F19E4 /* NavTest */ = {
			isa = PBXGroup;
			children = (
				A6F62F371D68C767007F19E4 /* AppDelegate.swift */,
				A6F62F391D68C767007F19E4 /* ViewController.swift */,
				A6F62F5C1D68CB8A007F19E4 /* ThirdViewController.swift */,
				A6F62F5A1D68C828007F19E4 /* TableViewController.swift */,
				A6F62F3B1D68C767007F19E4 /* Main.storyboard */,
				A6F62F411D68C767007F19E4 /* Assets.xcassets */,
				A6F62F431D68C767007F19E4 /* LaunchScreen.storyboard */,
				A6F62F461D68C767007F19E4 /* Info.plist */,
				A6F62F3E1D68C767007F19E4 /* NavTest.xcdatamodeld */,
			);
			path = NavTest;
			sourceTree = "<group>";
		};
		A6F62F4E1D68C767007F19E4 /* NavTestTests */ = {
			isa = PBXGroup;
			children = (
				A6F62F4F1D68C767007F19E4 /* NavTestTests.swift */,
				A6F62F511D68C767007F19E4 /* Info.plist */,
			);
			path = NavTestTests;
			sourceTree = "<group>";
		};
/* End PBXGroup section */

/* Begin PBXNativeTarget section */
		A6F62F331D68C767007F19E4 /* NavTest */ = {
			isa = PBXNativeTarget;
			buildConfigurationList = A6F62F541D68C767007F19E4 /* Build configuration list for PBXNativeTarget "NavTest" */;
			buildPhases = (
				A6F62F301D68C767007F19E4 /* Sources */,
				A6F62F311D68C767007F19E4 /* Frameworks */,
				A6F62F321D68C767007F19E4 /* Resources */,
			);
			buildRules = (
			);
			dependencies = (
			);
			name = NavTest;
			productName = NavTest;
			productReference = A6F62F341D68C767007F19E4 /* NavTest.app */;
			productType = "com.apple.product-type.application";
		};
		A6F62F4A1D68C767007F19E4 /* NavTestTests */ = {
			isa = PBXNativeTarget;
			buildConfigurationList = A6F62F571D68C767007F19E4 /* Build configuration list for PBXNativeTarget "NavTestTests" */;
			buildPhases = (
				A6F62F471D68C767007F19E4 /* Sources */,
				A6F62F481D68C767007F19E4 /* Frameworks */,
				A6F62F491D68C767007F19E4 /* Resources */,
			);
			buildRules = (
			);
			dependencies = (
				A6F62F4D1D68C767007F19E4 /* PBXTargetDependency */,
			);
			name = NavTestTests;
			productName = NavTestTests;
			productReference = A6F62F4B1D68C767007F19E4 /* NavTestTests.xctest */;
			productType = "com.apple.product-type.bundle.unit-test";
		};
/* End PBXNativeTarget section */

/* Begin PBXProject section */
		A6F62F2C1D68C767007F19E4 /* Project object */ = {
			isa = PBXProject;
			attributes = {
				LastSwiftUpdateCheck = 0730;
				LastUpgradeCheck = 0730;
				ORGANIZATIONNAME = "Alexsander Khitev";
				TargetAttributes = {
					A6F62F331D68C767007F19E4 = {
						CreatedOnToolsVersion = 7.3.1;
					};
					A6F62F4A1D68C767007F19E4 = {
						CreatedOnToolsVersion = 7.3.1;
						TestTargetID = A6F62F331D68C767007F19E4;
					};
				};
			};
			buildConfigurationList = A6F62F2F1D68C767007F19E4 /* Build configuration list for PBXProject "NavTest" */;
			compatibilityVersion = "Xcode 3.2";
			developmentRegion = English;
			hasScannedForEncodings = 0;
			knownRegions = (
				en,
				Base,
			);
			mainGroup = A6F62F2B1D68C767007F19E4;
			productRefGroup = A6F62F351D68C767007F19E4 /* Products */;
			projectDirPath = "";
			projectRoot = "";
			targets = (
				A6F62F331D68C767007F19E4 /* NavTest */,
				A6F62F4A1D68C767007F19E4 /* NavTestTests */,
			);
		};
/* End PBXProject section */

/* Begin PBXResourcesBuildPhase section */
		A6F62F321D68C767007F19E4 /* Resources */ = {
			isa = PBXResourcesBuildPhase;
			buildActionMask = 2147483647;
			files = (
				A6F62F451D68C767007F19E4 /* LaunchScreen.storyboard in Resources */,
				A6F62F421D68C767007F19E4 /* Assets.xcassets in Resources */,
				A6F62F3D1D68C767007F19E4 /* Main.storyboard in Resources */,
			);
			runOnlyForDeploymentPostprocessing = 0;
		};
		A6F62F491D68C767007F19E4 /* Resources */ = {
			isa = PBXResourcesBuildPhase;
			buildActionMask = 2147483647;
			files = (
			);
			runOnlyForDeploymentPostprocessing = 0;
		};
/* End PBXResourcesBuildPhase section */

/* Begin PBXSourcesBuildPhase section */
		A6F62F301D68C767007F19E4 /* Sources */ = {
			isa = PBXSourcesBuildPhase;
			buildActionMask = 2147483647;
			files = (
				A6F62F3A1D68C767007F19E4 /* ViewController.swift in Sources */,
				A6F62F381D68C767007F19E4 /* AppDelegate.swift in Sources */,
				A6F62F5D1D68CB8A007F19E4 /* ThirdViewController.swift in Sources */,
				A6F62F401D68C767007F19E4 /* NavTest.xcdatamodeld in Sources */,
				A6F62F5B1D68C828007F19E4 /* TableViewController.swift in Sources */,
			);
			runOnlyForDeploymentPostprocessing = 0;
		};
		A6F62F471D68C767007F19E4 /* Sources */ = {
			isa = PBXSourcesBuildPhase;
			buildActionMask = 2147483647;
			files = (
				A6F62F501D68C767007F19E4 /* NavTestTests.swift in Sources */,
			);
			runOnlyForDeploymentPostprocessing = 0;
		};
/* End PBXSourcesBuildPhase section */

/* Begin PBXTargetDependency section */
		A6F62F4D1D68C767007F19E4 /* PBXTargetDependency */ = {
			isa = PBXTargetDependency;
			target = A6F62F331D68C767007F19E4 /* NavTest */;
			targetProxy = A6F62F4C1D68C767007F19E4 /* PBXContainerItemProxy */;
		};
/* End PBXTargetDependency section */

/* Begin PBXVariantGroup section */
		A6F62F3B1D68C767007F19E4 /* Main.storyboard */ = {
			isa = PBXVariantGroup;
			children = (
				A6F62F3C1D68C767007F19E4 /* Base */,
			);
			name = Main.storyboard;
			sourceTree = "<group>";
		};
		A6F62F431D68C767007F19E4 /* LaunchScreen.storyboard */ = {
			isa = PBXVariantGroup;
			children = (
				A6F62F441D68C767007F19E4 /* Base */,
			);
			name = LaunchScreen.storyboard;
			sourceTree = "<group>";
		};
/* End PBXVariantGroup section */

/* Begin XCBuildConfiguration section */
		A6F62F521D68C767007F19E4 /* Debug */ = {
			isa = XCBuildConfiguration;
			buildSettings = {
				ALWAYS_SEARCH_USER_PATHS = NO;
				CLANG_ANALYZER_NONNULL = YES;
				CLANG_CXX_LANGUAGE_STANDARD = "gnu++0x";
				CLANG_CXX_LIBRARY = "libc++";
				CLANG_ENABLE_MODULES = YES;
				CLANG_ENABLE_OBJC_ARC = YES;
				CLANG_WARN_BOOL_CONVERSION = YES;
				CLANG_WARN_CONSTANT_CONVERSION = YES;
				CLANG_WARN_DIRECT_OBJC_ISA_USAGE = YES_ERROR;
				CLANG_WARN_EMPTY_BODY = YES;
				CLANG_WARN_ENUM_CONVERSION = YES;
				CLANG_WARN_INT_CONVERSION = YES;
				CLANG_WARN_OBJC_ROOT_CLASS = YES_ERROR;
				CLANG_WARN_UNREACHABLE_CODE = YES;
				CLANG_WARN__DUPLICATE_METHOD_MATCH = YES;
				"CODE_SIGN_IDENTITY[sdk=iphoneos*]" = "iPhone Developer";
				COPY_PHASE_STRIP = NO;
				DEBUG_INFORMATION_FORMAT = dwarf;
				ENABLE_STRICT_OBJC_MSGSEND = YES;
				ENABLE_TESTABILITY = YES;
				GCC_C_LANGUAGE_STANDARD = gnu99;
				GCC_DYNAMIC_NO_PIC = NO;
				GCC_NO_COMMON_BLOCKS = YES;
				GCC_OPTIMIZATION_LEVEL = 0;
				GCC_PREPROCESSOR_DEFINITIONS = (
					"DEBUG=1",
					"$(inherited)",
				);
				GCC_WARN_64_TO_32_BIT_CONVERSION = YES;
				GCC_WARN_ABOUT_RETURN_TYPE = YES_ERROR;
				GCC_WARN_UNDECLARED_SELECTOR = YES;
				GCC_WARN_UNINITIALIZED_AUTOS = YES_AGGRESSIVE;
				GCC_WARN_UNUSED_FUNCTION = YES;
				GCC_WARN_UNUSED_VARIABLE = YES;
				IPHONEOS_DEPLOYMENT_TARGET = 9.3;
				MTL_ENABLE_DEBUG_INFO = YES;
				ONLY_ACTIVE_ARCH = YES;
				SDKROOT = iphoneos;
				SWIFT_OPTIMIZATION_LEVEL = "-Onone";
			};
			name = Debug;
		};
		A6F62F531D68C767007F19E4 /* Release */ = {
			isa = XCBuildConfiguration;
			buildSettings = {
				ALWAYS_SEARCH_USER_PATHS = NO;
				CLANG_ANALYZER_NONNULL = YES;
				CLANG_CXX_LANGUAGE_STANDARD = "gnu++0x";
				CLANG_CXX_LIBRARY = "libc++";
				CLANG_ENABLE_MODULES = YES;
				CLANG_ENABLE_OBJC_ARC = YES;
				CLANG_WARN_BOOL_CONVERSION = YES;
				CLANG_WARN_CONSTANT_CONVERSION = YES;
				CLANG_WARN_DIRECT_OBJC_ISA_USAGE = YES_ERROR;
				CLANG_WARN_EMPTY_BODY = YES;
				CLANG_WARN_ENUM_CONVERSION = YES;
				CLANG_WARN_INT_CONVERSION = YES;
				CLANG_WARN_OBJC_ROOT_CLASS = YES_ERROR;
				CLANG_WARN_UNREACHABLE_CODE = YES;
				CLANG_WARN__DUPLICATE_METHOD_MATCH = YES;
				"CODE_SIGN_IDENTITY[sdk=iphoneos*]" = "iPhone Developer";
				COPY_PHASE_STRIP = NO;
				DEBUG_INFORMATION_FORMAT = "dwarf-with-dsym";
				ENABLE_NS_ASSERTIONS = NO;
				ENABLE_STRICT_OBJC_MSGSEND = YES;
				GCC_C_LANGUAGE_STANDARD = gnu99;
				GCC_NO_COMMON_BLOCKS = YES;
				GCC_WARN_64_TO_32_BIT_CONVERSION = YES;
				GCC_WARN_ABOUT_RETURN_TYPE = YES_ERROR;
				GCC_WARN_UNDECLARED_SELECTOR = YES;
				GCC_WARN_UNINITIALIZED_AUTOS = YES_AGGRESSIVE;
				GCC_WARN_UNUSED_FUNCTION = YES;
				GCC_WARN_UNUSED_VARIABLE = YES;
				IPHONEOS_DEPLOYMENT_TARGET = 9.3;
				MTL_ENABLE_DEBUG_INFO = NO;
				SDKROOT = iphoneos;
				VALIDATE_PRODUCT = YES;
			};
			name = Release;
		};
		A6F62F551D68C767007F19E4 /* Debug */ = {
			isa = XCBuildConfiguration;
			buildSettings = {
				ASSETCATALOG_COMPILER_APPICON_NAME = AppIcon;
				INFOPLIST_FILE = NavTest/Info.plist;
				LD_RUNPATH_SEARCH_PATHS = "$(inherited) @executable_path/Frameworks";
				PRODUCT_BUNDLE_IDENTIFIER = "Alexsander-Khitev.NavTest";
				PRODUCT_NAME = "$(TARGET_NAME)";
			};
			name = Debug;
		};
		A6F62F561D68C767007F19E4 /* Release */ = {
			isa = XCBuildConfiguration;
			buildSettings = {
				ASSETCATALOG_COMPILER_APPICON_NAME = AppIcon;
				INFOPLIST_FILE = NavTest/Info.plist;
				LD_RUNPATH_SEARCH_PATHS = "$(inherited) @executable_path/Frameworks";
				PRODUCT_BUNDLE_IDENTIFIER = "Alexsander-Khitev.NavTest";
				PRODUCT_NAME = "$(TARGET_NAME)";
			};
			name = Release;
		};
		A6F62F581D68C767007F19E4 /* Debug */ = {
			isa = XCBuildConfiguration;
			buildSettings = {
				BUNDLE_LOADER = "$(TEST_HOST)";
				INFOPLIST_FILE = NavTestTests/Info.plist;
				LD_RUNPATH_SEARCH_PATHS = "$(inherited) @executable_path/Frameworks @loader_path/Frameworks";
				PRODUCT_BUNDLE_IDENTIFIER = "Alexsander-Khitev.NavTestTests";
				PRODUCT_NAME = "$(TARGET_NAME)";
				TEST_HOST = "$(BUILT_PRODUCTS_DIR)/NavTest.app/NavTest";
			};
			name = Debug;
		};
		A6F62F591D68C767007F19E4 /* Release */ = {
			isa = XCBuildConfiguration;
			buildSettings = {
				BUNDLE_LOADER = "$(TEST_HOST)";
				INFOPLIST_FILE = NavTestTests/Info.plist;
				LD_RUNPATH_SEARCH_PATHS = "$(inherited) @executable_path/Frameworks @loader_path/Frameworks";
				PRODUCT_BUNDLE_IDENTIFIER = "Alexsander-Khitev.NavTestTests";
				PRODUCT_NAME = "$(TARGET_NAME)";
				TEST_HOST = "$(BUILT_PRODUCTS_DIR)/NavTest.app/NavTest";
			};
			name = Release;
		};
/* End XCBuildConfiguration section */

/* Begin XCConfigurationList section */
		A6F62F2F1D68C767007F19E4 /* Build configuration list for PBXProject "NavTest" */ = {
			isa = XCConfigurationList;
			buildConfigurations = (
				A6F62F521D68C767007F19E4 /* Debug */,
				A6F62F531D68C767007F19E4 /* Release */,
			);
			defaultConfigurationIsVisible = 0;
			defaultConfigurationName = Release;
		};
		A6F62F541D68C767007F19E4 /* Build configuration list for PBXNativeTarget "NavTest" */ = {
			isa = XCConfigurationList;
			buildConfigurations = (
				A6F62F551D68C767007F19E4 /* Debug */,
				A6F62F561D68C767007F19E4 /* Release */,
			);
			defaultConfigurationIsVisible = 0;
		};
		A6F62F571D68C767007F19E4 /* Build configuration list for PBXNativeTarget "NavTestTests" */ = {
			isa = XCConfigurationList;
			buildConfigurations = (
				A6F62F581D68C767007F19E4 /* Debug */,
				A6F62F591D68C767007F19E4 /* Release */,
			);
			defaultConfigurationIsVisible = 0;
		};
/* End XCConfigurationList section */

/* Begin XCVersionGroup section */
		A6F62F3E1D68C767007F19E4 /* NavTest.xcdatamodeld */ = {
			isa = XCVersionGroup;
			children = (
				A6F62F3F1D68C767007F19E4 /* NavTest.xcdatamodel */,
			);
			currentVersion = A6F62F3F1D68C767007F19E4 /* NavTest.xcdatamodel */;
			path = NavTest.xcdatamodeld;
			sourceTree = "<group>";
			versionGroupType = wrapper.xcdatamodel;
		};
/* End XCVersionGroup section */
	};
	rootObject = A6F62F2C1D68C767007F19E4 /* Project object */;
}
